// !$*UTF8*$!
{
	archiveVersion = 1;
	classes = {
	};
	objectVersion = 48;
	objects = {

/* Begin PBXBuildFile section */
		214919EE1FC3570C0042C560 /* AppDelegate.swift in Sources */ = {isa = PBXBuildFile; fileRef = 214919ED1FC3570C0042C560 /* AppDelegate.swift */; };
		214919F01FC3570C0042C560 /* GameScene.sks in Resources */ = {isa = PBXBuildFile; fileRef = 214919EF1FC3570C0042C560 /* GameScene.sks */; };
		214919F21FC3570C0042C560 /* Actions.sks in Resources */ = {isa = PBXBuildFile; fileRef = 214919F11FC3570C0042C560 /* Actions.sks */; };
		214919F41FC3570C0042C560 /* GameScene.swift in Sources */ = {isa = PBXBuildFile; fileRef = 214919F31FC3570C0042C560 /* GameScene.swift */; };
		214919F61FC3570C0042C560 /* GameViewController.swift in Sources */ = {isa = PBXBuildFile; fileRef = 214919F51FC3570C0042C560 /* GameViewController.swift */; };
		214919F91FC3570C0042C560 /* Main.storyboard in Resources */ = {isa = PBXBuildFile; fileRef = 214919F71FC3570C0042C560 /* Main.storyboard */; };
		214919FB1FC3570C0042C560 /* Assets.xcassets in Resources */ = {isa = PBXBuildFile; fileRef = 214919FA1FC3570C0042C560 /* Assets.xcassets */; };
		214919FE1FC3570C0042C560 /* LaunchScreen.storyboard in Resources */ = {isa = PBXBuildFile; fileRef = 214919FC1FC3570C0042C560 /* LaunchScreen.storyboard */; };
		21491A061FC35A690042C560 /* Monster.swift in Sources */ = {isa = PBXBuildFile; fileRef = 21491A051FC35A690042C560 /* Monster.swift */; };
		214BA3CE1FD727F5009E630C /* explosion1@2x.png in Resources */ = {isa = PBXBuildFile; fileRef = 214BA3C91FD727F5009E630C /* explosion1@2x.png */; };
		214BA3CF1FD727F5009E630C /* explosion4@2x.png in Resources */ = {isa = PBXBuildFile; fileRef = 214BA3CA1FD727F5009E630C /* explosion4@2x.png */; };
		214BA3D01FD727F5009E630C /* explosion 5@2x.png in Resources */ = {isa = PBXBuildFile; fileRef = 214BA3CB1FD727F5009E630C /* explosion 5@2x.png */; };
		214BA3D11FD727F5009E630C /* explosion2@2x.png in Resources */ = {isa = PBXBuildFile; fileRef = 214BA3CC1FD727F5009E630C /* explosion2@2x.png */; };
		214BA3D21FD727F5009E630C /* explosion3@2x.png in Resources */ = {isa = PBXBuildFile; fileRef = 214BA3CD1FD727F5009E630C /* explosion3@2x.png */; };
		214BA3D41FD72867009E630C /* attackAnimation.sks in Resources */ = {isa = PBXBuildFile; fileRef = 214BA3D31FD72867009E630C /* attackAnimation.sks */; };
		2179956D1FD4A12100DCB38D /* Target@2x.png in Resources */ = {isa = PBXBuildFile; fileRef = 2179956A1FD4A12100DCB38D /* Target@2x.png */; };
		2179956E1FD4A12100DCB38D /* Target@3x.png in Resources */ = {isa = PBXBuildFile; fileRef = 2179956B1FD4A12100DCB38D /* Target@3x.png */; };
		2179956F1FD4A12100DCB38D /* Target.png in Resources */ = {isa = PBXBuildFile; fileRef = 2179956C1FD4A12100DCB38D /* Target.png */; };
		217995821FD4AF6E00DCB38D /* Victory Main Menu@2x.png in Resources */ = {isa = PBXBuildFile; fileRef = 217995701FD4AF6D00DCB38D /* Victory Main Menu@2x.png */; };
		217995831FD4AF6E00DCB38D /* Victory Title@3x.png in Resources */ = {isa = PBXBuildFile; fileRef = 217995711FD4AF6D00DCB38D /* Victory Title@3x.png */; };
		217995841FD4AF6E00DCB38D /* Defeat Restart@2x.png in Resources */ = {isa = PBXBuildFile; fileRef = 217995721FD4AF6D00DCB38D /* Defeat Restart@2x.png */; };
		217995851FD4AF6E00DCB38D /* Victory Title.png in Resources */ = {isa = PBXBuildFile; fileRef = 217995731FD4AF6D00DCB38D /* Victory Title.png */; };
		217995861FD4AF6E00DCB38D /* Defeat Main Menu@3x.png in Resources */ = {isa = PBXBuildFile; fileRef = 217995741FD4AF6D00DCB38D /* Defeat Main Menu@3x.png */; };
		217995871FD4AF6E00DCB38D /* Victory Restart@2x.png in Resources */ = {isa = PBXBuildFile; fileRef = 217995751FD4AF6D00DCB38D /* Victory Restart@2x.png */; };
		217995881FD4AF6E00DCB38D /* Victory Main Menu@3x.png in Resources */ = {isa = PBXBuildFile; fileRef = 217995761FD4AF6D00DCB38D /* Victory Main Menu@3x.png */; };
		217995891FD4AF6E00DCB38D /* Victory Main Menu.png in Resources */ = {isa = PBXBuildFile; fileRef = 217995771FD4AF6D00DCB38D /* Victory Main Menu.png */; };
		2179958A1FD4AF6E00DCB38D /* Defeat Restart.png in Resources */ = {isa = PBXBuildFile; fileRef = 217995781FD4AF6D00DCB38D /* Defeat Restart.png */; };
		2179958B1FD4AF6E00DCB38D /* Victory Restart.png in Resources */ = {isa = PBXBuildFile; fileRef = 217995791FD4AF6D00DCB38D /* Victory Restart.png */; };
		2179958C1FD4AF6E00DCB38D /* Victory Restart@3x.png in Resources */ = {isa = PBXBuildFile; fileRef = 2179957A1FD4AF6D00DCB38D /* Victory Restart@3x.png */; };
		2179958D1FD4AF6E00DCB38D /* Victory Title@2x.png in Resources */ = {isa = PBXBuildFile; fileRef = 2179957B1FD4AF6D00DCB38D /* Victory Title@2x.png */; };
		2179958E1FD4AF6E00DCB38D /* Defeat Restart@3x.png in Resources */ = {isa = PBXBuildFile; fileRef = 2179957C1FD4AF6E00DCB38D /* Defeat Restart@3x.png */; };
		2179958F1FD4AF6E00DCB38D /* Defeat Main Menu.png in Resources */ = {isa = PBXBuildFile; fileRef = 2179957D1FD4AF6E00DCB38D /* Defeat Main Menu.png */; };
		217995901FD4AF6E00DCB38D /* Defeat Title@2x.png in Resources */ = {isa = PBXBuildFile; fileRef = 2179957E1FD4AF6E00DCB38D /* Defeat Title@2x.png */; };
		217995911FD4AF6E00DCB38D /* Defeat Title@3x.png in Resources */ = {isa = PBXBuildFile; fileRef = 2179957F1FD4AF6E00DCB38D /* Defeat Title@3x.png */; };
		217995921FD4AF6E00DCB38D /* Defeat Main Menu@2x.png in Resources */ = {isa = PBXBuildFile; fileRef = 217995801FD4AF6E00DCB38D /* Defeat Main Menu@2x.png */; };
		217995931FD4AF6E00DCB38D /* Defeat Title.png in Resources */ = {isa = PBXBuildFile; fileRef = 217995811FD4AF6E00DCB38D /* Defeat Title.png */; };
		21EF57B71FD4BE4F00E20599 /* MSButtonNode.swift in Sources */ = {isa = PBXBuildFile; fileRef = 21EF57B61FD4BE4F00E20599 /* MSButtonNode.swift */; };
/* End PBXBuildFile section */

/* Begin PBXFileReference section */
		214919EA1FC3570C0042C560 /* MontaskGame.app */ = {isa = PBXFileReference; explicitFileType = wrapper.application; includeInIndex = 0; path = MontaskGame.app; sourceTree = BUILT_PRODUCTS_DIR; };
		214919ED1FC3570C0042C560 /* AppDelegate.swift */ = {isa = PBXFileReference; lastKnownFileType = sourcecode.swift; path = AppDelegate.swift; sourceTree = "<group>"; };
		214919EF1FC3570C0042C560 /* GameScene.sks */ = {isa = PBXFileReference; lastKnownFileType = file.sks; path = GameScene.sks; sourceTree = "<group>"; };
		214919F11FC3570C0042C560 /* Actions.sks */ = {isa = PBXFileReference; lastKnownFileType = file.sks; path = Actions.sks; sourceTree = "<group>"; };
		214919F31FC3570C0042C560 /* GameScene.swift */ = {isa = PBXFileReference; lastKnownFileType = sourcecode.swift; path = GameScene.swift; sourceTree = "<group>"; };
		214919F51FC3570C0042C560 /* GameViewController.swift */ = {isa = PBXFileReference; lastKnownFileType = sourcecode.swift; path = GameViewController.swift; sourceTree = "<group>"; };
		214919F81FC3570C0042C560 /* Base */ = {isa = PBXFileReference; lastKnownFileType = file.storyboard; name = Base; path = Base.lproj/Main.storyboard; sourceTree = "<group>"; };
		214919FA1FC3570C0042C560 /* Assets.xcassets */ = {isa = PBXFileReference; lastKnownFileType = folder.assetcatalog; path = Assets.xcassets; sourceTree = "<group>"; };
		214919FD1FC3570C0042C560 /* Base */ = {isa = PBXFileReference; lastKnownFileType = file.storyboard; name = Base; path = Base.lproj/LaunchScreen.storyboard; sourceTree = "<group>"; };
		214919FF1FC3570C0042C560 /* Info.plist */ = {isa = PBXFileReference; lastKnownFileType = text.plist.xml; path = Info.plist; sourceTree = "<group>"; };
		21491A051FC35A690042C560 /* Monster.swift */ = {isa = PBXFileReference; lastKnownFileType = sourcecode.swift; path = Monster.swift; sourceTree = "<group>"; };
		214BA3C91FD727F5009E630C /* explosion1@2x.png */ = {isa = PBXFileReference; lastKnownFileType = image.png; path = "explosion1@2x.png"; sourceTree = "<group>"; };
		214BA3CA1FD727F5009E630C /* explosion4@2x.png */ = {isa = PBXFileReference; lastKnownFileType = image.png; path = "explosion4@2x.png"; sourceTree = "<group>"; };
		214BA3CB1FD727F5009E630C /* explosion 5@2x.png */ = {isa = PBXFileReference; lastKnownFileType = image.png; path = "explosion 5@2x.png"; sourceTree = "<group>"; };
		214BA3CC1FD727F5009E630C /* explosion2@2x.png */ = {isa = PBXFileReference; lastKnownFileType = image.png; path = "explosion2@2x.png"; sourceTree = "<group>"; };
		214BA3CD1FD727F5009E630C /* explosion3@2x.png */ = {isa = PBXFileReference; lastKnownFileType = image.png; path = "explosion3@2x.png"; sourceTree = "<group>"; };
		214BA3D31FD72867009E630C /* attackAnimation.sks */ = {isa = PBXFileReference; lastKnownFileType = file.sks; path = attackAnimation.sks; sourceTree = "<group>"; };
		2179956A1FD4A12100DCB38D /* Target@2x.png */ = {isa = PBXFileReference; lastKnownFileType = image.png; path = "Target@2x.png"; sourceTree = "<group>"; };
		2179956B1FD4A12100DCB38D /* Target@3x.png */ = {isa = PBXFileReference; lastKnownFileType = image.png; path = "Target@3x.png"; sourceTree = "<group>"; };
		2179956C1FD4A12100DCB38D /* Target.png */ = {isa = PBXFileReference; lastKnownFileType = image.png; path = Target.png; sourceTree = "<group>"; };
		217995701FD4AF6D00DCB38D /* Victory Main Menu@2x.png */ = {isa = PBXFileReference; lastKnownFileType = image.png; path = "Victory Main Menu@2x.png"; sourceTree = "<group>"; };
		217995711FD4AF6D00DCB38D /* Victory Title@3x.png */ = {isa = PBXFileReference; lastKnownFileType = image.png; path = "Victory Title@3x.png"; sourceTree = "<group>"; };
		217995721FD4AF6D00DCB38D /* Defeat Restart@2x.png */ = {isa = PBXFileReference; lastKnownFileType = image.png; path = "Defeat Restart@2x.png"; sourceTree = "<group>"; };
		217995731FD4AF6D00DCB38D /* Victory Title.png */ = {isa = PBXFileReference; lastKnownFileType = image.png; path = "Victory Title.png"; sourceTree = "<group>"; };
		217995741FD4AF6D00DCB38D /* Defeat Main Menu@3x.png */ = {isa = PBXFileReference; lastKnownFileType = image.png; path = "Defeat Main Menu@3x.png"; sourceTree = "<group>"; };
		217995751FD4AF6D00DCB38D /* Victory Restart@2x.png */ = {isa = PBXFileReference; lastKnownFileType = image.png; path = "Victory Restart@2x.png"; sourceTree = "<group>"; };
		217995761FD4AF6D00DCB38D /* Victory Main Menu@3x.png */ = {isa = PBXFileReference; lastKnownFileType = image.png; path = "Victory Main Menu@3x.png"; sourceTree = "<group>"; };
		217995771FD4AF6D00DCB38D /* Victory Main Menu.png */ = {isa = PBXFileReference; lastKnownFileType = image.png; path = "Victory Main Menu.png"; sourceTree = "<group>"; };
		217995781FD4AF6D00DCB38D /* Defeat Restart.png */ = {isa = PBXFileReference; lastKnownFileType = image.png; path = "Defeat Restart.png"; sourceTree = "<group>"; };
		217995791FD4AF6D00DCB38D /* Victory Restart.png */ = {isa = PBXFileReference; lastKnownFileType = image.png; path = "Victory Restart.png"; sourceTree = "<group>"; };
		2179957A1FD4AF6D00DCB38D /* Victory Restart@3x.png */ = {isa = PBXFileReference; lastKnownFileType = image.png; path = "Victory Restart@3x.png"; sourceTree = "<group>"; };
		2179957B1FD4AF6D00DCB38D /* Victory Title@2x.png */ = {isa = PBXFileReference; lastKnownFileType = image.png; path = "Victory Title@2x.png"; sourceTree = "<group>"; };
		2179957C1FD4AF6E00DCB38D /* Defeat Restart@3x.png */ = {isa = PBXFileReference; lastKnownFileType = image.png; path = "Defeat Restart@3x.png"; sourceTree = "<group>"; };
		2179957D1FD4AF6E00DCB38D /* Defeat Main Menu.png */ = {isa = PBXFileReference; lastKnownFileType = image.png; path = "Defeat Main Menu.png"; sourceTree = "<group>"; };
		2179957E1FD4AF6E00DCB38D /* Defeat Title@2x.png */ = {isa = PBXFileReference; lastKnownFileType = image.png; path = "Defeat Title@2x.png"; sourceTree = "<group>"; };
		2179957F1FD4AF6E00DCB38D /* Defeat Title@3x.png */ = {isa = PBXFileReference; lastKnownFileType = image.png; path = "Defeat Title@3x.png"; sourceTree = "<group>"; };
		217995801FD4AF6E00DCB38D /* Defeat Main Menu@2x.png */ = {isa = PBXFileReference; lastKnownFileType = image.png; path = "Defeat Main Menu@2x.png"; sourceTree = "<group>"; };
		217995811FD4AF6E00DCB38D /* Defeat Title.png */ = {isa = PBXFileReference; lastKnownFileType = image.png; path = "Defeat Title.png"; sourceTree = "<group>"; };
		21EF57B61FD4BE4F00E20599 /* MSButtonNode.swift */ = {isa = PBXFileReference; lastKnownFileType = sourcecode.swift; path = MSButtonNode.swift; sourceTree = "<group>"; };
/* End PBXFileReference section */

/* Begin PBXFrameworksBuildPhase section */
		214919E71FC3570C0042C560 /* Frameworks */ = {
			isa = PBXFrameworksBuildPhase;
			buildActionMask = 2147483647;
			files = (
			);
			runOnlyForDeploymentPostprocessing = 0;
		};
/* End PBXFrameworksBuildPhase section */

/* Begin PBXGroup section */
		214919E11FC3570B0042C560 = {
			isa = PBXGroup;
			children = (
				214919EC1FC3570C0042C560 /* MontaskGame */,
				214919EB1FC3570C0042C560 /* Products */,
			);
			sourceTree = "<group>";
		};
		214919EB1FC3570C0042C560 /* Products */ = {
			isa = PBXGroup;
			children = (
				214919EA1FC3570C0042C560 /* MontaskGame.app */,
			);
			name = Products;
			sourceTree = "<group>";
		};
		214919EC1FC3570C0042C560 /* MontaskGame */ = {
			isa = PBXGroup;
			children = (
				214BA3C81FD727D3009E630C /* animations */,
				217995691FD4A10700DCB38D /* Icons */,
				214919ED1FC3570C0042C560 /* AppDelegate.swift */,
				214919EF1FC3570C0042C560 /* GameScene.sks */,
				214919F11FC3570C0042C560 /* Actions.sks */,
				214BA3D31FD72867009E630C /* attackAnimation.sks */,
				21491A051FC35A690042C560 /* Monster.swift */,
				214919F31FC3570C0042C560 /* GameScene.swift */,
				214919F51FC3570C0042C560 /* GameViewController.swift */,
				21EF57B61FD4BE4F00E20599 /* MSButtonNode.swift */,
				214919F71FC3570C0042C560 /* Main.storyboard */,
				214919FA1FC3570C0042C560 /* Assets.xcassets */,
				214919FC1FC3570C0042C560 /* LaunchScreen.storyboard */,
				214919FF1FC3570C0042C560 /* Info.plist */,
			);
			path = MontaskGame;
			sourceTree = "<group>";
		};
		214BA3C81FD727D3009E630C /* animations */ = {
			isa = PBXGroup;
			children = (
				214BA3CB1FD727F5009E630C /* explosion 5@2x.png */,
				214BA3C91FD727F5009E630C /* explosion1@2x.png */,
				214BA3CC1FD727F5009E630C /* explosion2@2x.png */,
				214BA3CD1FD727F5009E630C /* explosion3@2x.png */,
				214BA3CA1FD727F5009E630C /* explosion4@2x.png */,
			);
			path = animations;
			sourceTree = "<group>";
		};
		217995691FD4A10700DCB38D /* Icons */ = {
			isa = PBXGroup;
			children = (
				2179956C1FD4A12100DCB38D /* Target.png */,
				2179956A1FD4A12100DCB38D /* Target@2x.png */,
				2179956B1FD4A12100DCB38D /* Target@3x.png */,
				2179957D1FD4AF6E00DCB38D /* Defeat Main Menu.png */,
				217995801FD4AF6E00DCB38D /* Defeat Main Menu@2x.png */,
				217995741FD4AF6D00DCB38D /* Defeat Main Menu@3x.png */,
				217995781FD4AF6D00DCB38D /* Defeat Restart.png */,
				217995721FD4AF6D00DCB38D /* Defeat Restart@2x.png */,
				2179957C1FD4AF6E00DCB38D /* Defeat Restart@3x.png */,
				217995811FD4AF6E00DCB38D /* Defeat Title.png */,
				2179957E1FD4AF6E00DCB38D /* Defeat Title@2x.png */,
				2179957F1FD4AF6E00DCB38D /* Defeat Title@3x.png */,
				217995771FD4AF6D00DCB38D /* Victory Main Menu.png */,
				217995701FD4AF6D00DCB38D /* Victory Main Menu@2x.png */,
				217995761FD4AF6D00DCB38D /* Victory Main Menu@3x.png */,
				217995791FD4AF6D00DCB38D /* Victory Restart.png */,
				217995751FD4AF6D00DCB38D /* Victory Restart@2x.png */,
				2179957A1FD4AF6D00DCB38D /* Victory Restart@3x.png */,
				217995731FD4AF6D00DCB38D /* Victory Title.png */,
				2179957B1FD4AF6D00DCB38D /* Victory Title@2x.png */,
				217995711FD4AF6D00DCB38D /* Victory Title@3x.png */,
			);
			path = Icons;
			sourceTree = "<group>";
		};
/* End PBXGroup section */

/* Begin PBXNativeTarget section */
		214919E91FC3570C0042C560 /* MontaskGame */ = {
			isa = PBXNativeTarget;
			buildConfigurationList = 21491A021FC3570C0042C560 /* Build configuration list for PBXNativeTarget "MontaskGame" */;
			buildPhases = (
				214919E61FC3570C0042C560 /* Sources */,
				214919E71FC3570C0042C560 /* Frameworks */,
				214919E81FC3570C0042C560 /* Resources */,
			);
			buildRules = (
			);
			dependencies = (
			);
			name = MontaskGame;
			productName = MontaskGame;
			productReference = 214919EA1FC3570C0042C560 /* MontaskGame.app */;
			productType = "com.apple.product-type.application";
		};
/* End PBXNativeTarget section */

/* Begin PBXProject section */
		214919E21FC3570B0042C560 /* Project object */ = {
			isa = PBXProject;
			attributes = {
				LastSwiftUpdateCheck = 0910;
				LastUpgradeCheck = 0910;
				ORGANIZATIONNAME = "Tony Cioara";
				TargetAttributes = {
					214919E91FC3570C0042C560 = {
						CreatedOnToolsVersion = 9.1;
						ProvisioningStyle = Automatic;
					};
				};
			};
			buildConfigurationList = 214919E51FC3570B0042C560 /* Build configuration list for PBXProject "MontaskGame" */;
			compatibilityVersion = "Xcode 8.0";
			developmentRegion = en;
			hasScannedForEncodings = 0;
			knownRegions = (
				en,
				Base,
			);
			mainGroup = 214919E11FC3570B0042C560;
			productRefGroup = 214919EB1FC3570C0042C560 /* Products */;
			projectDirPath = "";
			projectRoot = "";
			targets = (
				214919E91FC3570C0042C560 /* MontaskGame */,
			);
		};
/* End PBXProject section */

/* Begin PBXResourcesBuildPhase section */
		214919E81FC3570C0042C560 /* Resources */ = {
			isa = PBXResourcesBuildPhase;
			buildActionMask = 2147483647;
			files = (
				2179956E1FD4A12100DCB38D /* Target@3x.png in Resources */,
				217995841FD4AF6E00DCB38D /* Defeat Restart@2x.png in Resources */,
				214BA3D21FD727F5009E630C /* explosion3@2x.png in Resources */,
				217995921FD4AF6E00DCB38D /* Defeat Main Menu@2x.png in Resources */,
				2179958F1FD4AF6E00DCB38D /* Defeat Main Menu.png in Resources */,
				217995931FD4AF6E00DCB38D /* Defeat Title.png in Resources */,
				2179958A1FD4AF6E00DCB38D /* Defeat Restart.png in Resources */,
				217995911FD4AF6E00DCB38D /* Defeat Title@3x.png in Resources */,
				2179958B1FD4AF6E00DCB38D /* Victory Restart.png in Resources */,
				217995891FD4AF6E00DCB38D /* Victory Main Menu.png in Resources */,
				214BA3D41FD72867009E630C /* attackAnimation.sks in Resources */,
				217995871FD4AF6E00DCB38D /* Victory Restart@2x.png in Resources */,
				214BA3D11FD727F5009E630C /* explosion2@2x.png in Resources */,
				217995851FD4AF6E00DCB38D /* Victory Title.png in Resources */,
				214BA3CE1FD727F5009E630C /* explosion1@2x.png in Resources */,
				217995881FD4AF6E00DCB38D /* Victory Main Menu@3x.png in Resources */,
				217995901FD4AF6E00DCB38D /* Defeat Title@2x.png in Resources */,
				214919F91FC3570C0042C560 /* Main.storyboard in Resources */,
				2179958E1FD4AF6E00DCB38D /* Defeat Restart@3x.png in Resources */,
				2179956D1FD4A12100DCB38D /* Target@2x.png in Resources */,
				214919F01FC3570C0042C560 /* GameScene.sks in Resources */,
				217995831FD4AF6E00DCB38D /* Victory Title@3x.png in Resources */,
				217995861FD4AF6E00DCB38D /* Defeat Main Menu@3x.png in Resources */,
				214BA3CF1FD727F5009E630C /* explosion4@2x.png in Resources */,
				217995821FD4AF6E00DCB38D /* Victory Main Menu@2x.png in Resources */,
				214BA3D01FD727F5009E630C /* explosion 5@2x.png in Resources */,
				2179958C1FD4AF6E00DCB38D /* Victory Restart@3x.png in Resources */,
				2179956F1FD4A12100DCB38D /* Target.png in Resources */,
				214919FB1FC3570C0042C560 /* Assets.xcassets in Resources */,
				214919FE1FC3570C0042C560 /* LaunchScreen.storyboard in Resources */,
				214919F21FC3570C0042C560 /* Actions.sks in Resources */,
				2179958D1FD4AF6E00DCB38D /* Victory Title@2x.png in Resources */,
			);
			runOnlyForDeploymentPostprocessing = 0;
		};
/* End PBXResourcesBuildPhase section */

/* Begin PBXSourcesBuildPhase section */
		214919E61FC3570C0042C560 /* Sources */ = {
			isa = PBXSourcesBuildPhase;
			buildActionMask = 2147483647;
			files = (
				21491A061FC35A690042C560 /* Monster.swift in Sources */,
				214919F41FC3570C0042C560 /* GameScene.swift in Sources */,
				214919F61FC3570C0042C560 /* GameViewController.swift in Sources */,
				214919EE1FC3570C0042C560 /* AppDelegate.swift in Sources */,
				21EF57B71FD4BE4F00E20599 /* MSButtonNode.swift in Sources */,
			);
			runOnlyForDeploymentPostprocessing = 0;
		};
/* End PBXSourcesBuildPhase section */

/* Begin PBXVariantGroup section */
		214919F71FC3570C0042C560 /* Main.storyboard */ = {
			isa = PBXVariantGroup;
			children = (
				214919F81FC3570C0042C560 /* Base */,
			);
			name = Main.storyboard;
			sourceTree = "<group>";
		};
		214919FC1FC3570C0042C560 /* LaunchScreen.storyboard */ = {
			isa = PBXVariantGroup;
			children = (
				214919FD1FC3570C0042C560 /* Base */,
			);
			name = LaunchScreen.storyboard;
			sourceTree = "<group>";
		};
/* End PBXVariantGroup section */

/* Begin XCBuildConfiguration section */
		21491A001FC3570C0042C560 /* Debug */ = {
			isa = XCBuildConfiguration;
			buildSettings = {
				ALWAYS_SEARCH_USER_PATHS = NO;
				CLANG_ANALYZER_NONNULL = YES;
				CLANG_ANALYZER_NUMBER_OBJECT_CONVERSION = YES_AGGRESSIVE;
				CLANG_CXX_LANGUAGE_STANDARD = "gnu++14";
				CLANG_CXX_LIBRARY = "libc++";
				CLANG_ENABLE_MODULES = YES;
				CLANG_ENABLE_OBJC_ARC = YES;
				CLANG_WARN_BLOCK_CAPTURE_AUTORELEASING = YES;
				CLANG_WARN_BOOL_CONVERSION = YES;
				CLANG_WARN_COMMA = YES;
				CLANG_WARN_CONSTANT_CONVERSION = YES;
				CLANG_WARN_DIRECT_OBJC_ISA_USAGE = YES_ERROR;
				CLANG_WARN_DOCUMENTATION_COMMENTS = YES;
				CLANG_WARN_EMPTY_BODY = YES;
				CLANG_WARN_ENUM_CONVERSION = YES;
				CLANG_WARN_INFINITE_RECURSION = YES;
				CLANG_WARN_INT_CONVERSION = YES;
				CLANG_WARN_NON_LITERAL_NULL_CONVERSION = YES;
				CLANG_WARN_OBJC_LITERAL_CONVERSION = YES;
				CLANG_WARN_OBJC_ROOT_CLASS = YES_ERROR;
				CLANG_WARN_RANGE_LOOP_ANALYSIS = YES;
				CLANG_WARN_STRICT_PROTOTYPES = YES;
				CLANG_WARN_SUSPICIOUS_MOVE = YES;
				CLANG_WARN_UNGUARDED_AVAILABILITY = YES_AGGRESSIVE;
				CLANG_WARN_UNREACHABLE_CODE = YES;
				CLANG_WARN__DUPLICATE_METHOD_MATCH = YES;
				CODE_SIGN_IDENTITY = "iPhone Developer";
				COPY_PHASE_STRIP = NO;
				DEBUG_INFORMATION_FORMAT = dwarf;
				ENABLE_STRICT_OBJC_MSGSEND = YES;
				ENABLE_TESTABILITY = YES;
				GCC_C_LANGUAGE_STANDARD = gnu11;
				GCC_DYNAMIC_NO_PIC = NO;
				GCC_NO_COMMON_BLOCKS = YES;
				GCC_OPTIMIZATION_LEVEL = 0;
				GCC_PREPROCESSOR_DEFINITIONS = (
					"DEBUG=1",
					"$(inherited)",
				);
				GCC_WARN_64_TO_32_BIT_CONVERSION = YES;
				GCC_WARN_ABOUT_RETURN_TYPE = YES_ERROR;
				GCC_WARN_UNDECLARED_SELECTOR = YES;
				GCC_WARN_UNINITIALIZED_AUTOS = YES_AGGRESSIVE;
				GCC_WARN_UNUSED_FUNCTION = YES;
				GCC_WARN_UNUSED_VARIABLE = YES;
				IPHONEOS_DEPLOYMENT_TARGET = 11.1;
				MTL_ENABLE_DEBUG_INFO = YES;
				ONLY_ACTIVE_ARCH = YES;
				SDKROOT = iphoneos;
				SWIFT_ACTIVE_COMPILATION_CONDITIONS = DEBUG;
				SWIFT_OPTIMIZATION_LEVEL = "-Onone";
			};
			name = Debug;
		};
		21491A011FC3570C0042C560 /* Release */ = {
			isa = XCBuildConfiguration;
			buildSettings = {
				ALWAYS_SEARCH_USER_PATHS = NO;
				CLANG_ANALYZER_NONNULL = YES;
				CLANG_ANALYZER_NUMBER_OBJECT_CONVERSION = YES_AGGRESSIVE;
				CLANG_CXX_LANGUAGE_STANDARD = "gnu++14";
				CLANG_CXX_LIBRARY = "libc++";
				CLANG_ENABLE_MODULES = YES;
				CLANG_ENABLE_OBJC_ARC = YES;
				CLANG_WARN_BLOCK_CAPTURE_AUTORELEASING = YES;
				CLANG_WARN_BOOL_CONVERSION = YES;
				CLANG_WARN_COMMA = YES;
				CLANG_WARN_CONSTANT_CONVERSION = YES;
				CLANG_WARN_DIRECT_OBJC_ISA_USAGE = YES_ERROR;
				CLANG_WARN_DOCUMENTATION_COMMENTS = YES;
				CLANG_WARN_EMPTY_BODY = YES;
				CLANG_WARN_ENUM_CONVERSION = YES;
				CLANG_WARN_INFINITE_RECURSION = YES;
				CLANG_WARN_INT_CONVERSION = YES;
				CLANG_WARN_NON_LITERAL_NULL_CONVERSION = YES;
				CLANG_WARN_OBJC_LITERAL_CONVERSION = YES;
				CLANG_WARN_OBJC_ROOT_CLASS = YES_ERROR;
				CLANG_WARN_RANGE_LOOP_ANALYSIS = YES;
				CLANG_WARN_STRICT_PROTOTYPES = YES;
				CLANG_WARN_SUSPICIOUS_MOVE = YES;
				CLANG_WARN_UNGUARDED_AVAILABILITY = YES_AGGRESSIVE;
				CLANG_WARN_UNREACHABLE_CODE = YES;
				CLANG_WARN__DUPLICATE_METHOD_MATCH = YES;
				CODE_SIGN_IDENTITY = "iPhone Developer";
				COPY_PHASE_STRIP = NO;
				DEBUG_INFORMATION_FORMAT = "dwarf-with-dsym";
				ENABLE_NS_ASSERTIONS = NO;
				ENABLE_STRICT_OBJC_MSGSEND = YES;
				GCC_C_LANGUAGE_STANDARD = gnu11;
				GCC_NO_COMMON_BLOCKS = YES;
				GCC_WARN_64_TO_32_BIT_CONVERSION = YES;
				GCC_WARN_ABOUT_RETURN_TYPE = YES_ERROR;
				GCC_WARN_UNDECLARED_SELECTOR = YES;
				GCC_WARN_UNINITIALIZED_AUTOS = YES_AGGRESSIVE;
				GCC_WARN_UNUSED_FUNCTION = YES;
				GCC_WARN_UNUSED_VARIABLE = YES;
				IPHONEOS_DEPLOYMENT_TARGET = 11.1;
				MTL_ENABLE_DEBUG_INFO = NO;
				SDKROOT = iphoneos;
				SWIFT_OPTIMIZATION_LEVEL = "-Owholemodule";
				VALIDATE_PRODUCT = YES;
			};
			name = Release;
		};
		21491A031FC3570C0042C560 /* Debug */ = {
			isa = XCBuildConfiguration;
			buildSettings = {
				ASSETCATALOG_COMPILER_APPICON_NAME = AppIcon;
				CODE_SIGN_STYLE = Automatic;
				DEVELOPMENT_TEAM = JDYWQEVARC;
				INFOPLIST_FILE = MontaskGame/Info.plist;
				LD_RUNPATH_SEARCH_PATHS = "$(inherited) @executable_path/Frameworks";
				PRODUCT_BUNDLE_IDENTIFIER = com.TonyCioaraApps.MontaskGame;
				PRODUCT_NAME = "$(TARGET_NAME)";
				SWIFT_VERSION = 4.0;
				TARGETED_DEVICE_FAMILY = "1,2";
			};
			name = Debug;
		};
		21491A041FC3570C0042C560 /* Release */ = {
			isa = XCBuildConfiguration;
			buildSettings = {
				ASSETCATALOG_COMPILER_APPICON_NAME = AppIcon;
				CODE_SIGN_STYLE = Automatic;
				DEVELOPMENT_TEAM = JDYWQEVARC;
				INFOPLIST_FILE = MontaskGame/Info.plist;
				LD_RUNPATH_SEARCH_PATHS = "$(inherited) @executable_path/Frameworks";
				PRODUCT_BUNDLE_IDENTIFIER = com.TonyCioaraApps.MontaskGame;
				PRODUCT_NAME = "$(TARGET_NAME)";
				SWIFT_VERSION = 4.0;
				TARGETED_DEVICE_FAMILY = "1,2";
			};
			name = Release;
		};
/* End XCBuildConfiguration section */

/* Begin XCConfigurationList section */
		214919E51FC3570B0042C560 /* Build configuration list for PBXProject "MontaskGame" */ = {
			isa = XCConfigurationList;
			buildConfigurations = (
				21491A001FC3570C0042C560 /* Debug */,
				21491A011FC3570C0042C560 /* Release */,
			);
			defaultConfigurationIsVisible = 0;
			defaultConfigurationName = Release;
		};
		21491A021FC3570C0042C560 /* Build configuration list for PBXNativeTarget "MontaskGame" */ = {
			isa = XCConfigurationList;
			buildConfigurations = (
				21491A031FC3570C0042C560 /* Debug */,
				21491A041FC3570C0042C560 /* Release */,
			);
			defaultConfigurationIsVisible = 0;
			defaultConfigurationName = Release;
		};
/* End XCConfigurationList section */
	};
	rootObject = 214919E21FC3570B0042C560 /* Project object */;
}
